
Microsoft Visual Studio Solution File, Format Version 12.00
# Visual Studio Version 17
VisualStudioVersion = 17.8.34219.65
MinimumVisualStudioVersion = 10.0.40219.1
Project("{2150E333-8FDC-42A3-9474-1A3956D46DE8}") = "Tasks", "Tasks", "{BE3E844F-4C0A-4A87-8C1F-C7AF3DA72CC9}"
EndProject
Project("{2150E333-8FDC-42A3-9474-1A3956D46DE8}") = "Task1", "Task1", "{AF261949-55F0-4623-97F4-8F06CA0B904C}"
EndProject
Project("{2150E333-8FDC-42A3-9474-1A3956D46DE8}") = "Task1.1", "Task1.1", "{94BBDE25-9029-4E87-B060-1BD0E3149623}"
EndProject
Project("{9A19103F-16F7-4668-BE54-9A1E7A4F7556}") = "HelloWorldMinimalApi", "Tasks\Task1.1\HelloWorldMinimalApi\HelloWorldMinimalApi.csproj", "{63BA883B-A47B-481D-A145-BE03BE7A0C5E}"
EndProject
Project("{2150E333-8FDC-42A3-9474-1A3956D46DE8}") = "Task1.2", "Task1.2", "{4E9C4F08-872A-42DC-B5B3-E54193EFEFC6}"
EndProject
Project("{9A19103F-16F7-4668-BE54-9A1E7A4F7556}") = "CalculateAverageMinimalApi", "Tasks\Task1.2\CalculateAverageMinimalApi\CalculateAverageMinimalApi.csproj", "{14AAA27B-2EE7-4F83-A66B-944B7F39D75B}"
EndProject
Project("{2150E333-8FDC-42A3-9474-1A3956D46DE8}") = "Task2", "Task2", "{BC9062E0-2D7F-4933-8518-AFA35DDF4C6E}"
EndProject
Project("{9A19103F-16F7-4668-BE54-9A1E7A4F7556}") = "ProductCatalogMinimalApi", "Tasks\Task2.1\ProductCatalogMinimalApi\ProductCatalogMinimalApi.csproj", "{213E47FD-C4F0-458B-8B7C-9A924AFEF1A7}"
EndProject
Project("{2150E333-8FDC-42A3-9474-1A3956D46DE8}") = "Task2.1", "Task2.1", "{14E1515A-BFC7-4B81-8A47-6EFD756529EF}"
EndProject
Project("{2150E333-8FDC-42A3-9474-1A3956D46DE8}") = "Task2.2", "Task2.2", "{676EFBD5-EAEB-493A-880B-66B49B9237A8}"
EndProject
Project("{FAE04EC0-301F-11D3-BF4B-00C04F79EFBC}") = "ProductCatalogAsyncMinimalApi", "Tasks\Task2.2\ProductCatalogAsyncMinimalApi\ProductCatalogAsyncMinimalApi.csproj", "{ECDE9696-A3F6-400B-AD76-10B0A192F42E}"
EndProject
Project("{2150E333-8FDC-42A3-9474-1A3956D46DE8}") = "Task3", "Task3", "{7453120A-BCE2-4E7F-8E9B-3933C33AF84C}"
EndProject
Project("{FAE04EC0-301F-11D3-BF4B-00C04F79EFBC}") = "ProductCatalogAsyncWithSql.WebApi", "Tasks\Task3.1\ProductCatalogAsyncWithSql.WebApi\ProductCatalogAsyncWithSql.WebApi.csproj", "{20373F40-4AB0-4F59-85CC-3F51CC2C54F4}"
EndProject
Global
	GlobalSection(SolutionConfigurationPlatforms) = preSolution
		Debug|Any CPU = Debug|Any CPU
		Release|Any CPU = Release|Any CPU
	EndGlobalSection
	GlobalSection(ProjectConfigurationPlatforms) = postSolution
		{63BA883B-A47B-481D-A145-BE03BE7A0C5E}.Debug|Any CPU.ActiveCfg = Debug|Any CPU
		{63BA883B-A47B-481D-A145-BE03BE7A0C5E}.Debug|Any CPU.Build.0 = Debug|Any CPU
		{63BA883B-A47B-481D-A145-BE03BE7A0C5E}.Release|Any CPU.ActiveCfg = Release|Any CPU
		{63BA883B-A47B-481D-A145-BE03BE7A0C5E}.Release|Any CPU.Build.0 = Release|Any CPU
		{14AAA27B-2EE7-4F83-A66B-944B7F39D75B}.Debug|Any CPU.ActiveCfg = Debug|Any CPU
		{14AAA27B-2EE7-4F83-A66B-944B7F39D75B}.Debug|Any CPU.Build.0 = Debug|Any CPU
		{14AAA27B-2EE7-4F83-A66B-944B7F39D75B}.Release|Any CPU.ActiveCfg = Release|Any CPU
		{14AAA27B-2EE7-4F83-A66B-944B7F39D75B}.Release|Any CPU.Build.0 = Release|Any CPU
		{213E47FD-C4F0-458B-8B7C-9A924AFEF1A7}.Debug|Any CPU.ActiveCfg = Debug|Any CPU
		{213E47FD-C4F0-458B-8B7C-9A924AFEF1A7}.Debug|Any CPU.Build.0 = Debug|Any CPU
		{213E47FD-C4F0-458B-8B7C-9A924AFEF1A7}.Release|Any CPU.ActiveCfg = Release|Any CPU
		{213E47FD-C4F0-458B-8B7C-9A924AFEF1A7}.Release|Any CPU.Build.0 = Release|Any CPU
		{ECDE9696-A3F6-400B-AD76-10B0A192F42E}.Debug|Any CPU.ActiveCfg = Debug|Any CPU
		{ECDE9696-A3F6-400B-AD76-10B0A192F42E}.Debug|Any CPU.Build.0 = Debug|Any CPU
		{ECDE9696-A3F6-400B-AD76-10B0A192F42E}.Release|Any CPU.ActiveCfg = Release|Any CPU
		{ECDE9696-A3F6-400B-AD76-10B0A192F42E}.Release|Any CPU.Build.0 = Release|Any CPU
		{20373F40-4AB0-4F59-85CC-3F51CC2C54F4}.Debug|Any CPU.ActiveCfg = Debug|Any CPU
		{20373F40-4AB0-4F59-85CC-3F51CC2C54F4}.Debug|Any CPU.Build.0 = Debug|Any CPU
		{20373F40-4AB0-4F59-85CC-3F51CC2C54F4}.Release|Any CPU.ActiveCfg = Release|Any CPU
		{20373F40-4AB0-4F59-85CC-3F51CC2C54F4}.Release|Any CPU.Build.0 = Release|Any CPU
	EndGlobalSection
	GlobalSection(SolutionProperties) = preSolution
		HideSolutionNode = FALSE
	EndGlobalSection
	GlobalSection(NestedProjects) = preSolution
		{AF261949-55F0-4623-97F4-8F06CA0B904C} = {BE3E844F-4C0A-4A87-8C1F-C7AF3DA72CC9}
		{94BBDE25-9029-4E87-B060-1BD0E3149623} = {AF261949-55F0-4623-97F4-8F06CA0B904C}
		{63BA883B-A47B-481D-A145-BE03BE7A0C5E} = {94BBDE25-9029-4E87-B060-1BD0E3149623}
		{4E9C4F08-872A-42DC-B5B3-E54193EFEFC6} = {AF261949-55F0-4623-97F4-8F06CA0B904C}
		{14AAA27B-2EE7-4F83-A66B-944B7F39D75B} = {4E9C4F08-872A-42DC-B5B3-E54193EFEFC6}
		{BC9062E0-2D7F-4933-8518-AFA35DDF4C6E} = {BE3E844F-4C0A-4A87-8C1F-C7AF3DA72CC9}
		{213E47FD-C4F0-458B-8B7C-9A924AFEF1A7} = {14E1515A-BFC7-4B81-8A47-6EFD756529EF}
		{14E1515A-BFC7-4B81-8A47-6EFD756529EF} = {BC9062E0-2D7F-4933-8518-AFA35DDF4C6E}
		{676EFBD5-EAEB-493A-880B-66B49B9237A8} = {BC9062E0-2D7F-4933-8518-AFA35DDF4C6E}
		{ECDE9696-A3F6-400B-AD76-10B0A192F42E} = {676EFBD5-EAEB-493A-880B-66B49B9237A8}
		{7453120A-BCE2-4E7F-8E9B-3933C33AF84C} = {BE3E844F-4C0A-4A87-8C1F-C7AF3DA72CC9}
		{20373F40-4AB0-4F59-85CC-3F51CC2C54F4} = {7453120A-BCE2-4E7F-8E9B-3933C33AF84C}
	EndGlobalSection
	GlobalSection(ExtensibilityGlobals) = postSolution
		SolutionGuid = {72C4A4DD-8212-46EE-93FF-A6FE33C15678}
	EndGlobalSection
EndGlobal
