
Microsoft Visual Studio Solution File, Format Version 12.00
# Visual Studio Version 17
VisualStudioVersion = 17.8.34219.65
MinimumVisualStudioVersion = 10.0.40219.1
Project("{2150E333-8FDC-42A3-9474-1A3956D46DE8}") = "Tasks", "Tasks", "{BE3E844F-4C0A-4A87-8C1F-C7AF3DA72CC9}"
EndProject
Project("{2150E333-8FDC-42A3-9474-1A3956D46DE8}") = "Task1", "Task1", "{AF261949-55F0-4623-97F4-8F06CA0B904C}"
EndProject
Project("{2150E333-8FDC-42A3-9474-1A3956D46DE8}") = "Task1.1", "Task1.1", "{94BBDE25-9029-4E87-B060-1BD0E3149623}"
EndProject
Project("{9A19103F-16F7-4668-BE54-9A1E7A4F7556}") = "HelloWorldMinimalApi", "Tasks\Task1.1\HelloWorldMinimalApi\HelloWorldMinimalApi.csproj", "{63BA883B-A47B-481D-A145-BE03BE7A0C5E}"
EndProject
Project("{2150E333-8FDC-42A3-9474-1A3956D46DE8}") = "Task1.2", "Task1.2", "{4E9C4F08-872A-42DC-B5B3-E54193EFEFC6}"
EndProject
Project("{9A19103F-16F7-4668-BE54-9A1E7A4F7556}") = "CalculateAverageMinimalApi", "Tasks\Task1.2\CalculateAverageMinimalApi\CalculateAverageMinimalApi.csproj", "{14AAA27B-2EE7-4F83-A66B-944B7F39D75B}"
EndProject
Project("{2150E333-8FDC-42A3-9474-1A3956D46DE8}") = "Task2", "Task2", "{BC9062E0-2D7F-4933-8518-AFA35DDF4C6E}"
EndProject
Project("{9A19103F-16F7-4668-BE54-9A1E7A4F7556}") = "ProductCatalogMinimalApi", "Tasks\Task2.1\ProductCatalogMinimalApi\ProductCatalogMinimalApi.csproj", "{213E47FD-C4F0-458B-8B7C-9A924AFEF1A7}"
EndProject
Project("{2150E333-8FDC-42A3-9474-1A3956D46DE8}") = "Task2.1", "Task2.1", "{14E1515A-BFC7-4B81-8A47-6EFD756529EF}"
EndProject
Project("{2150E333-8FDC-42A3-9474-1A3956D46DE8}") = "Task2.2", "Task2.2", "{676EFBD5-EAEB-493A-880B-66B49B9237A8}"
EndProject
Project("{9A19103F-16F7-4668-BE54-9A1E7A4F7556}") = "ProductCatalogAsyncMinimalApi", "Tasks\Task2.2\ProductCatalogAsyncMinimalApi\ProductCatalogAsyncMinimalApi.csproj", "{ECDE9696-A3F6-400B-AD76-10B0A192F42E}"
EndProject
Project("{2150E333-8FDC-42A3-9474-1A3956D46DE8}") = "Task3", "Task3", "{7453120A-BCE2-4E7F-8E9B-3933C33AF84C}"
EndProject
Project("{9A19103F-16F7-4668-BE54-9A1E7A4F7556}") = "ProductCatalogAsyncWithSql.WebApi", "Tasks\Task3.1\ProductCatalogAsyncWithSql.WebApi\ProductCatalogAsyncWithSql.WebApi.csproj", "{20373F40-4AB0-4F59-85CC-3F51CC2C54F4}"
EndProject
Project("{9A19103F-16F7-4668-BE54-9A1E7A4F7556}") = "ProductCatalogAsyncWithSql.Models", "Tasks\Task3.1\ProductCatalogAsyncWithSql.Models\ProductCatalogAsyncWithSql.Models.csproj", "{D7E41218-6CB8-428B-AF90-8111870A594F}"
EndProject
Project("{9A19103F-16F7-4668-BE54-9A1E7A4F7556}") = "ProductCatalogAsyncWithSql.Infrastracture", "Tasks\Task3.1\ProductCatalogAsyncWithSql.Infrastracture\ProductCatalogAsyncWithSql.Infrastracture.csproj", "{6831EAF9-3EA9-4061-ADB4-10F3EB216C56}"
EndProject
Project("{9A19103F-16F7-4668-BE54-9A1E7A4F7556}") = "ProductCatalogAsyncWithSql.Infrastracture.Interface", "Tasks\Task3.1\ProductCatalogAsyncWithSql.Infrastracture.Interface\ProductCatalogAsyncWithSql.Infrastracture.Interface.csproj", "{C5FF289A-1AFB-4D10-A75F-0FB970FBFB7E}"
EndProject
Project("{9A19103F-16F7-4668-BE54-9A1E7A4F7556}") = "ProductCatalogAsyncWithSql.DAL", "Tasks\Task3.1\ProductCatalogAsyncWithSql.DAL\ProductCatalogAsyncWithSql.DAL.csproj", "{24B555E1-6501-4C0E-B407-24D8762C9AF5}"
EndProject
Project("{2150E333-8FDC-42A3-9474-1A3956D46DE8}") = "Task3.1", "Task3.1", "{AC07B073-D2DF-4D95-8916-51F46D59FAE8}"
EndProject
Project("{2150E333-8FDC-42A3-9474-1A3956D46DE8}") = "Task3.2", "Task3.2", "{FD4225DB-A2CF-435C-A72E-DCEE99EF12F1}"
EndProject
Project("{2150E333-8FDC-42A3-9474-1A3956D46DE8}") = "Task3.3", "Task3.3", "{33902330-82C6-4874-AFEC-16575D009DA4}"
EndProject
Project("{2150E333-8FDC-42A3-9474-1A3956D46DE8}") = "Task3.4", "Task3.4", "{92893A42-06CB-4F69-8F30-83C1BE4FF2F1}"
EndProject
Project("{9A19103F-16F7-4668-BE54-9A1E7A4F7556}") = "ProductIdentity.WebApi", "Tasks\Task3.2\ProductIdentity.WebApi\ProductIdentity.WebApi.csproj", "{2FE3024F-3F98-4062-BC34-E2590310C789}"
EndProject
Project("{9A19103F-16F7-4668-BE54-9A1E7A4F7556}") = "ProductIdentity.DAL", "Tasks\Task3.2\ProductIdentity.DAL\ProductIdentity.DAL.csproj", "{AA63514F-8CCD-42AD-AF73-346B108CD253}"
EndProject
Project("{9A19103F-16F7-4668-BE54-9A1E7A4F7556}") = "ProductIdentity.Infrastracture", "Tasks\Task3.2\ProductIdentity.Infrastracture\ProductIdentity.Infrastracture.csproj", "{1050783E-78C3-490D-AEC3-6131033B1420}"
EndProject
Project("{9A19103F-16F7-4668-BE54-9A1E7A4F7556}") = "ProductIdentity.Infrastracture.Interface", "Tasks\Task3.2\ProductIdentity.Infrastracture.Interface\ProductIdentity.Infrastracture.Interface.csproj", "{4AA6B2D6-B5BE-4C89-8199-945040138AF3}"
EndProject
Project("{9A19103F-16F7-4668-BE54-9A1E7A4F7556}") = "ProductIdentity.Models", "Tasks\Task3.2\ProductIdentity.Models\ProductIdentity.Models.csproj", "{CF7A109E-22D8-41D8-83F3-DE436DA7CC8E}"
EndProject
Project("{9A19103F-16F7-4668-BE54-9A1E7A4F7556}") = "ProductIdentity.Dtos", "Tasks\Task3.2\ProductIdentity.Dtos\ProductIdentity.Dtos.csproj", "{3383F481-92D8-49C3-8547-E31FD62240AA}"
EndProject
Project("{9A19103F-16F7-4668-BE54-9A1E7A4F7556}") = "ProductLogging.WebApi", "Tasks\Task3.3\ProductLogging.WebApi\ProductLogging.WebApi.csproj", "{DC38C0B2-31F4-4341-911F-4C473327B790}"
EndProject
Project("{9A19103F-16F7-4668-BE54-9A1E7A4F7556}") = "ProductLogging.DAL", "Tasks\Task3.3\ProductLogging.DAL\ProductLogging.DAL.csproj", "{AA3C7963-E5EC-45BD-96A0-0CE073CA2335}"
EndProject
Project("{9A19103F-16F7-4668-BE54-9A1E7A4F7556}") = "ProductLogging.Infrastracture", "Tasks\Task3.3\ProductLogging.Infrastracture\ProductLogging.Infrastracture.csproj", "{5028547A-3692-467B-A3E5-336A89D601F9}"
EndProject
Project("{9A19103F-16F7-4668-BE54-9A1E7A4F7556}") = "ProductLogging.Infrastracture.Interface", "Tasks\Task3.3\ProductLogging.Infrastracture.Interface\ProductLogging.Infrastracture.Interface.csproj", "{862770BA-55F9-4330-AF52-60ECA1622CA9}"
EndProject
Project("{9A19103F-16F7-4668-BE54-9A1E7A4F7556}") = "ProductLogging.Models", "Tasks\Task3.3\ProductLogging.Models\ProductLogging.Models.csproj", "{4D50283A-1CB2-439E-9E2B-D957E0DFD98D}"
EndProject
Project("{9A19103F-16F7-4668-BE54-9A1E7A4F7556}") = "ProductLogging.Application", "Tasks\Task3.3\ProductLogging.Application\ProductLogging.Application.csproj", "{F60C698C-FD04-4C31-81FF-A4956F2FB522}"
EndProject
Project("{9A19103F-16F7-4668-BE54-9A1E7A4F7556}") = "ProductLogging.Dtos", "Tasks\Task3.3\ProductLogging.Dtos\ProductLogging.Dtos.csproj", "{5D459C69-6C1B-4A7A-83FF-C23978787D02}"
EndProject
Project("{2150E333-8FDC-42A3-9474-1A3956D46DE8}") = "Task4", "Task4", "{3A46B18F-98EF-4CAB-A58A-C4E6C9EE71D8}"
EndProject
Project("{9A19103F-16F7-4668-BE54-9A1E7A4F7556}") = "ProductPerformance.WebApi", "Tasks\Task3.4\ProductPerformance.WebApi\ProductPerformance.WebApi.csproj", "{3ACFB770-3A75-420E-888B-A9B9C4DCE017}"
EndProject
Project("{9A19103F-16F7-4668-BE54-9A1E7A4F7556}") = "ProductPerformance.Models", "Tasks\Task3.4\ProductPerformance.Models\ProductPerformance.Models.csproj", "{EA97F331-DB90-4CF1-A217-A40416A570D5}"
EndProject
Project("{9A19103F-16F7-4668-BE54-9A1E7A4F7556}") = "ProductPerformance.Infrastracture", "Tasks\Task3.4\ProductPerformance.Infrastracture\ProductPerformance.Infrastracture.csproj", "{7DE02B58-979E-4E6B-9EEC-1DD7942EC8AB}"
EndProject
Project("{9A19103F-16F7-4668-BE54-9A1E7A4F7556}") = "ProductPerformance.Infrastracture.Interface", "ProductPerformance.Infrastracture.Interface\ProductPerformance.Infrastracture.Interface.csproj", "{5DB0A88D-AC1C-441B-BA34-BE3BC2787211}"
EndProject
Project("{9A19103F-16F7-4668-BE54-9A1E7A4F7556}") = "ProductPerformance.Dtos", "Tasks\Task3.4\ProductPerformance.Dtos\ProductPerformance.Dtos.csproj", "{B795A76D-620D-4757-A477-2C11FD5F99F0}"
EndProject
Project("{9A19103F-16F7-4668-BE54-9A1E7A4F7556}") = "ProductPerformance.Application", "Tasks\Task3.4\ProductPerformance.Application\ProductPerformance.Application.csproj", "{A810813C-20EC-4859-BECD-40ED23480C1E}"
EndProject
Project("{9A19103F-16F7-4668-BE54-9A1E7A4F7556}") = "ProductPerformance.DAL", "Tasks\Task3.4\ProductPerformance.DAL\ProductPerformance.DAL.csproj", "{7780961D-8A49-4D45-A5EC-0106923F30CE}"
EndProject
Project("{9A19103F-16F7-4668-BE54-9A1E7A4F7556}") = "BookStore.Business", "Tasks\Task4.1\Task4.1\BookStore.Business\BookStore.Business.csproj", "{0C93C1E5-F2FF-4C1A-9949-CB8A50A3C88E}"
EndProject
Project("{9A19103F-16F7-4668-BE54-9A1E7A4F7556}") = "BookStore.Core", "Tasks\Task4.1\Task4.1\BookStore.Core\BookStore.Core.csproj", "{4140CBF9-7687-4E3A-83FE-1F071C59909A}"
EndProject
Project("{9A19103F-16F7-4668-BE54-9A1E7A4F7556}") = "BookStore.Dal", "Tasks\Task4.1\Task4.1\BookStore.Dal\BookStore.Dal.csproj", "{A2A933FD-17BC-40F1-936B-CA44BBF5DD8C}"
EndProject
Project("{9A19103F-16F7-4668-BE54-9A1E7A4F7556}") = "BookStore.Dal.EntityFramework", "Tasks\Task4.1\Task4.1\BookStore.Dal.EntityFramework\BookStore.Dal.EntityFramework.csproj", "{EE7C6B70-ADF0-44FC-8E01-9EEB0A1B46E3}"
EndProject
Project("{9A19103F-16F7-4668-BE54-9A1E7A4F7556}") = "BookStore.Dal.Interface", "Tasks\Task4.1\Task4.1\BookStore.Dal.Interface\BookStore.Dal.Interface.csproj", "{88FDF7A3-48CF-48F0-865A-815D2D21E9AB}"
EndProject
Project("{9A19103F-16F7-4668-BE54-9A1E7A4F7556}") = "BookStore.Dtos", "Tasks\Task4.1\Task4.1\BookStore.Dtos\BookStore.Dtos.csproj", "{064AD64F-1D17-4554-8928-26E2DC43DF9D}"
EndProject
Project("{9A19103F-16F7-4668-BE54-9A1E7A4F7556}") = "BookStore.Entities", "Tasks\Task4.1\Task4.1\BookStore.Entities\BookStore.Entities.csproj", "{C8583C44-E6DB-49EB-99E5-87B31AF4B97F}"
EndProject
Project("{9A19103F-16F7-4668-BE54-9A1E7A4F7556}") = "BookStore.Entity.Configuration", "Tasks\Task4.1\Task4.1\BookStore.Entity.Configuration\BookStore.Entity.Configuration.csproj", "{35C5F32F-68D2-466C-B124-ABFCCCD1DD4E}"
EndProject
Project("{9A19103F-16F7-4668-BE54-9A1E7A4F7556}") = "BookStore.WebApi", "Tasks\Task4.1\Task4.1\BookStore.WebApi\BookStore.WebApi.csproj", "{5051C6D2-76FD-4CA1-B34D-E12D06DDA29D}"
EndProject
Global
	GlobalSection(SolutionConfigurationPlatforms) = preSolution
		Debug|Any CPU = Debug|Any CPU
		Release|Any CPU = Release|Any CPU
	EndGlobalSection
	GlobalSection(ProjectConfigurationPlatforms) = postSolution
		{63BA883B-A47B-481D-A145-BE03BE7A0C5E}.Debug|Any CPU.ActiveCfg = Debug|Any CPU
		{63BA883B-A47B-481D-A145-BE03BE7A0C5E}.Debug|Any CPU.Build.0 = Debug|Any CPU
		{63BA883B-A47B-481D-A145-BE03BE7A0C5E}.Release|Any CPU.ActiveCfg = Release|Any CPU
		{63BA883B-A47B-481D-A145-BE03BE7A0C5E}.Release|Any CPU.Build.0 = Release|Any CPU
		{14AAA27B-2EE7-4F83-A66B-944B7F39D75B}.Debug|Any CPU.ActiveCfg = Debug|Any CPU
		{14AAA27B-2EE7-4F83-A66B-944B7F39D75B}.Debug|Any CPU.Build.0 = Debug|Any CPU
		{14AAA27B-2EE7-4F83-A66B-944B7F39D75B}.Release|Any CPU.ActiveCfg = Release|Any CPU
		{14AAA27B-2EE7-4F83-A66B-944B7F39D75B}.Release|Any CPU.Build.0 = Release|Any CPU
		{213E47FD-C4F0-458B-8B7C-9A924AFEF1A7}.Debug|Any CPU.ActiveCfg = Debug|Any CPU
		{213E47FD-C4F0-458B-8B7C-9A924AFEF1A7}.Debug|Any CPU.Build.0 = Debug|Any CPU
		{213E47FD-C4F0-458B-8B7C-9A924AFEF1A7}.Release|Any CPU.ActiveCfg = Release|Any CPU
		{213E47FD-C4F0-458B-8B7C-9A924AFEF1A7}.Release|Any CPU.Build.0 = Release|Any CPU
		{ECDE9696-A3F6-400B-AD76-10B0A192F42E}.Debug|Any CPU.ActiveCfg = Debug|Any CPU
		{ECDE9696-A3F6-400B-AD76-10B0A192F42E}.Debug|Any CPU.Build.0 = Debug|Any CPU
		{ECDE9696-A3F6-400B-AD76-10B0A192F42E}.Release|Any CPU.ActiveCfg = Release|Any CPU
		{ECDE9696-A3F6-400B-AD76-10B0A192F42E}.Release|Any CPU.Build.0 = Release|Any CPU
		{20373F40-4AB0-4F59-85CC-3F51CC2C54F4}.Debug|Any CPU.ActiveCfg = Debug|Any CPU
		{20373F40-4AB0-4F59-85CC-3F51CC2C54F4}.Debug|Any CPU.Build.0 = Debug|Any CPU
		{20373F40-4AB0-4F59-85CC-3F51CC2C54F4}.Release|Any CPU.ActiveCfg = Release|Any CPU
		{20373F40-4AB0-4F59-85CC-3F51CC2C54F4}.Release|Any CPU.Build.0 = Release|Any CPU
		{D7E41218-6CB8-428B-AF90-8111870A594F}.Debug|Any CPU.ActiveCfg = Debug|Any CPU
		{D7E41218-6CB8-428B-AF90-8111870A594F}.Debug|Any CPU.Build.0 = Debug|Any CPU
		{D7E41218-6CB8-428B-AF90-8111870A594F}.Release|Any CPU.ActiveCfg = Release|Any CPU
		{D7E41218-6CB8-428B-AF90-8111870A594F}.Release|Any CPU.Build.0 = Release|Any CPU
		{6831EAF9-3EA9-4061-ADB4-10F3EB216C56}.Debug|Any CPU.ActiveCfg = Debug|Any CPU
		{6831EAF9-3EA9-4061-ADB4-10F3EB216C56}.Debug|Any CPU.Build.0 = Debug|Any CPU
		{6831EAF9-3EA9-4061-ADB4-10F3EB216C56}.Release|Any CPU.ActiveCfg = Release|Any CPU
		{6831EAF9-3EA9-4061-ADB4-10F3EB216C56}.Release|Any CPU.Build.0 = Release|Any CPU
		{C5FF289A-1AFB-4D10-A75F-0FB970FBFB7E}.Debug|Any CPU.ActiveCfg = Debug|Any CPU
		{C5FF289A-1AFB-4D10-A75F-0FB970FBFB7E}.Debug|Any CPU.Build.0 = Debug|Any CPU
		{C5FF289A-1AFB-4D10-A75F-0FB970FBFB7E}.Release|Any CPU.ActiveCfg = Release|Any CPU
		{C5FF289A-1AFB-4D10-A75F-0FB970FBFB7E}.Release|Any CPU.Build.0 = Release|Any CPU
		{24B555E1-6501-4C0E-B407-24D8762C9AF5}.Debug|Any CPU.ActiveCfg = Debug|Any CPU
		{24B555E1-6501-4C0E-B407-24D8762C9AF5}.Debug|Any CPU.Build.0 = Debug|Any CPU
		{24B555E1-6501-4C0E-B407-24D8762C9AF5}.Release|Any CPU.ActiveCfg = Release|Any CPU
		{24B555E1-6501-4C0E-B407-24D8762C9AF5}.Release|Any CPU.Build.0 = Release|Any CPU
		{2FE3024F-3F98-4062-BC34-E2590310C789}.Debug|Any CPU.ActiveCfg = Debug|Any CPU
		{2FE3024F-3F98-4062-BC34-E2590310C789}.Debug|Any CPU.Build.0 = Debug|Any CPU
		{2FE3024F-3F98-4062-BC34-E2590310C789}.Release|Any CPU.ActiveCfg = Release|Any CPU
		{2FE3024F-3F98-4062-BC34-E2590310C789}.Release|Any CPU.Build.0 = Release|Any CPU
		{AA63514F-8CCD-42AD-AF73-346B108CD253}.Debug|Any CPU.ActiveCfg = Debug|Any CPU
		{AA63514F-8CCD-42AD-AF73-346B108CD253}.Debug|Any CPU.Build.0 = Debug|Any CPU
		{AA63514F-8CCD-42AD-AF73-346B108CD253}.Release|Any CPU.ActiveCfg = Release|Any CPU
		{AA63514F-8CCD-42AD-AF73-346B108CD253}.Release|Any CPU.Build.0 = Release|Any CPU
		{1050783E-78C3-490D-AEC3-6131033B1420}.Debug|Any CPU.ActiveCfg = Debug|Any CPU
		{1050783E-78C3-490D-AEC3-6131033B1420}.Debug|Any CPU.Build.0 = Debug|Any CPU
		{1050783E-78C3-490D-AEC3-6131033B1420}.Release|Any CPU.ActiveCfg = Release|Any CPU
		{1050783E-78C3-490D-AEC3-6131033B1420}.Release|Any CPU.Build.0 = Release|Any CPU
		{4AA6B2D6-B5BE-4C89-8199-945040138AF3}.Debug|Any CPU.ActiveCfg = Debug|Any CPU
		{4AA6B2D6-B5BE-4C89-8199-945040138AF3}.Debug|Any CPU.Build.0 = Debug|Any CPU
		{4AA6B2D6-B5BE-4C89-8199-945040138AF3}.Release|Any CPU.ActiveCfg = Release|Any CPU
		{4AA6B2D6-B5BE-4C89-8199-945040138AF3}.Release|Any CPU.Build.0 = Release|Any CPU
		{CF7A109E-22D8-41D8-83F3-DE436DA7CC8E}.Debug|Any CPU.ActiveCfg = Debug|Any CPU
		{CF7A109E-22D8-41D8-83F3-DE436DA7CC8E}.Debug|Any CPU.Build.0 = Debug|Any CPU
		{CF7A109E-22D8-41D8-83F3-DE436DA7CC8E}.Release|Any CPU.ActiveCfg = Release|Any CPU
		{CF7A109E-22D8-41D8-83F3-DE436DA7CC8E}.Release|Any CPU.Build.0 = Release|Any CPU
		{3383F481-92D8-49C3-8547-E31FD62240AA}.Debug|Any CPU.ActiveCfg = Debug|Any CPU
		{3383F481-92D8-49C3-8547-E31FD62240AA}.Debug|Any CPU.Build.0 = Debug|Any CPU
		{3383F481-92D8-49C3-8547-E31FD62240AA}.Release|Any CPU.ActiveCfg = Release|Any CPU
		{3383F481-92D8-49C3-8547-E31FD62240AA}.Release|Any CPU.Build.0 = Release|Any CPU
		{DC38C0B2-31F4-4341-911F-4C473327B790}.Debug|Any CPU.ActiveCfg = Debug|Any CPU
		{DC38C0B2-31F4-4341-911F-4C473327B790}.Debug|Any CPU.Build.0 = Debug|Any CPU
		{DC38C0B2-31F4-4341-911F-4C473327B790}.Release|Any CPU.ActiveCfg = Release|Any CPU
		{DC38C0B2-31F4-4341-911F-4C473327B790}.Release|Any CPU.Build.0 = Release|Any CPU
		{AA3C7963-E5EC-45BD-96A0-0CE073CA2335}.Debug|Any CPU.ActiveCfg = Debug|Any CPU
		{AA3C7963-E5EC-45BD-96A0-0CE073CA2335}.Debug|Any CPU.Build.0 = Debug|Any CPU
		{AA3C7963-E5EC-45BD-96A0-0CE073CA2335}.Release|Any CPU.ActiveCfg = Release|Any CPU
		{AA3C7963-E5EC-45BD-96A0-0CE073CA2335}.Release|Any CPU.Build.0 = Release|Any CPU
		{5028547A-3692-467B-A3E5-336A89D601F9}.Debug|Any CPU.ActiveCfg = Debug|Any CPU
		{5028547A-3692-467B-A3E5-336A89D601F9}.Debug|Any CPU.Build.0 = Debug|Any CPU
		{5028547A-3692-467B-A3E5-336A89D601F9}.Release|Any CPU.ActiveCfg = Release|Any CPU
		{5028547A-3692-467B-A3E5-336A89D601F9}.Release|Any CPU.Build.0 = Release|Any CPU
		{862770BA-55F9-4330-AF52-60ECA1622CA9}.Debug|Any CPU.ActiveCfg = Debug|Any CPU
		{862770BA-55F9-4330-AF52-60ECA1622CA9}.Debug|Any CPU.Build.0 = Debug|Any CPU
		{862770BA-55F9-4330-AF52-60ECA1622CA9}.Release|Any CPU.ActiveCfg = Release|Any CPU
		{862770BA-55F9-4330-AF52-60ECA1622CA9}.Release|Any CPU.Build.0 = Release|Any CPU
		{4D50283A-1CB2-439E-9E2B-D957E0DFD98D}.Debug|Any CPU.ActiveCfg = Debug|Any CPU
		{4D50283A-1CB2-439E-9E2B-D957E0DFD98D}.Debug|Any CPU.Build.0 = Debug|Any CPU
		{4D50283A-1CB2-439E-9E2B-D957E0DFD98D}.Release|Any CPU.ActiveCfg = Release|Any CPU
		{4D50283A-1CB2-439E-9E2B-D957E0DFD98D}.Release|Any CPU.Build.0 = Release|Any CPU
		{F60C698C-FD04-4C31-81FF-A4956F2FB522}.Debug|Any CPU.ActiveCfg = Debug|Any CPU
		{F60C698C-FD04-4C31-81FF-A4956F2FB522}.Debug|Any CPU.Build.0 = Debug|Any CPU
		{F60C698C-FD04-4C31-81FF-A4956F2FB522}.Release|Any CPU.ActiveCfg = Release|Any CPU
		{F60C698C-FD04-4C31-81FF-A4956F2FB522}.Release|Any CPU.Build.0 = Release|Any CPU
		{5D459C69-6C1B-4A7A-83FF-C23978787D02}.Debug|Any CPU.ActiveCfg = Debug|Any CPU
		{5D459C69-6C1B-4A7A-83FF-C23978787D02}.Debug|Any CPU.Build.0 = Debug|Any CPU
		{5D459C69-6C1B-4A7A-83FF-C23978787D02}.Release|Any CPU.ActiveCfg = Release|Any CPU
		{5D459C69-6C1B-4A7A-83FF-C23978787D02}.Release|Any CPU.Build.0 = Release|Any CPU
		{3ACFB770-3A75-420E-888B-A9B9C4DCE017}.Debug|Any CPU.ActiveCfg = Debug|Any CPU
		{3ACFB770-3A75-420E-888B-A9B9C4DCE017}.Debug|Any CPU.Build.0 = Debug|Any CPU
		{3ACFB770-3A75-420E-888B-A9B9C4DCE017}.Release|Any CPU.ActiveCfg = Release|Any CPU
		{3ACFB770-3A75-420E-888B-A9B9C4DCE017}.Release|Any CPU.Build.0 = Release|Any CPU
		{EA97F331-DB90-4CF1-A217-A40416A570D5}.Debug|Any CPU.ActiveCfg = Debug|Any CPU
		{EA97F331-DB90-4CF1-A217-A40416A570D5}.Debug|Any CPU.Build.0 = Debug|Any CPU
		{EA97F331-DB90-4CF1-A217-A40416A570D5}.Release|Any CPU.ActiveCfg = Release|Any CPU
		{EA97F331-DB90-4CF1-A217-A40416A570D5}.Release|Any CPU.Build.0 = Release|Any CPU
		{7DE02B58-979E-4E6B-9EEC-1DD7942EC8AB}.Debug|Any CPU.ActiveCfg = Debug|Any CPU
		{7DE02B58-979E-4E6B-9EEC-1DD7942EC8AB}.Debug|Any CPU.Build.0 = Debug|Any CPU
		{7DE02B58-979E-4E6B-9EEC-1DD7942EC8AB}.Release|Any CPU.ActiveCfg = Release|Any CPU
		{7DE02B58-979E-4E6B-9EEC-1DD7942EC8AB}.Release|Any CPU.Build.0 = Release|Any CPU
		{5DB0A88D-AC1C-441B-BA34-BE3BC2787211}.Debug|Any CPU.ActiveCfg = Debug|Any CPU
		{5DB0A88D-AC1C-441B-BA34-BE3BC2787211}.Debug|Any CPU.Build.0 = Debug|Any CPU
		{5DB0A88D-AC1C-441B-BA34-BE3BC2787211}.Release|Any CPU.ActiveCfg = Release|Any CPU
		{5DB0A88D-AC1C-441B-BA34-BE3BC2787211}.Release|Any CPU.Build.0 = Release|Any CPU
		{B795A76D-620D-4757-A477-2C11FD5F99F0}.Debug|Any CPU.ActiveCfg = Debug|Any CPU
		{B795A76D-620D-4757-A477-2C11FD5F99F0}.Debug|Any CPU.Build.0 = Debug|Any CPU
		{B795A76D-620D-4757-A477-2C11FD5F99F0}.Release|Any CPU.ActiveCfg = Release|Any CPU
		{B795A76D-620D-4757-A477-2C11FD5F99F0}.Release|Any CPU.Build.0 = Release|Any CPU
		{A810813C-20EC-4859-BECD-40ED23480C1E}.Debug|Any CPU.ActiveCfg = Debug|Any CPU
		{A810813C-20EC-4859-BECD-40ED23480C1E}.Debug|Any CPU.Build.0 = Debug|Any CPU
		{A810813C-20EC-4859-BECD-40ED23480C1E}.Release|Any CPU.ActiveCfg = Release|Any CPU
		{A810813C-20EC-4859-BECD-40ED23480C1E}.Release|Any CPU.Build.0 = Release|Any CPU
		{7780961D-8A49-4D45-A5EC-0106923F30CE}.Debug|Any CPU.ActiveCfg = Debug|Any CPU
		{7780961D-8A49-4D45-A5EC-0106923F30CE}.Debug|Any CPU.Build.0 = Debug|Any CPU
		{7780961D-8A49-4D45-A5EC-0106923F30CE}.Release|Any CPU.ActiveCfg = Release|Any CPU
		{7780961D-8A49-4D45-A5EC-0106923F30CE}.Release|Any CPU.Build.0 = Release|Any CPU
		{0C93C1E5-F2FF-4C1A-9949-CB8A50A3C88E}.Debug|Any CPU.ActiveCfg = Debug|Any CPU
		{0C93C1E5-F2FF-4C1A-9949-CB8A50A3C88E}.Debug|Any CPU.Build.0 = Debug|Any CPU
		{0C93C1E5-F2FF-4C1A-9949-CB8A50A3C88E}.Release|Any CPU.ActiveCfg = Release|Any CPU
		{0C93C1E5-F2FF-4C1A-9949-CB8A50A3C88E}.Release|Any CPU.Build.0 = Release|Any CPU
		{4140CBF9-7687-4E3A-83FE-1F071C59909A}.Debug|Any CPU.ActiveCfg = Debug|Any CPU
		{4140CBF9-7687-4E3A-83FE-1F071C59909A}.Debug|Any CPU.Build.0 = Debug|Any CPU
		{4140CBF9-7687-4E3A-83FE-1F071C59909A}.Release|Any CPU.ActiveCfg = Release|Any CPU
		{4140CBF9-7687-4E3A-83FE-1F071C59909A}.Release|Any CPU.Build.0 = Release|Any CPU
		{A2A933FD-17BC-40F1-936B-CA44BBF5DD8C}.Debug|Any CPU.ActiveCfg = Debug|Any CPU
		{A2A933FD-17BC-40F1-936B-CA44BBF5DD8C}.Debug|Any CPU.Build.0 = Debug|Any CPU
		{A2A933FD-17BC-40F1-936B-CA44BBF5DD8C}.Release|Any CPU.ActiveCfg = Release|Any CPU
		{A2A933FD-17BC-40F1-936B-CA44BBF5DD8C}.Release|Any CPU.Build.0 = Release|Any CPU
		{EE7C6B70-ADF0-44FC-8E01-9EEB0A1B46E3}.Debug|Any CPU.ActiveCfg = Debug|Any CPU
		{EE7C6B70-ADF0-44FC-8E01-9EEB0A1B46E3}.Debug|Any CPU.Build.0 = Debug|Any CPU
		{EE7C6B70-ADF0-44FC-8E01-9EEB0A1B46E3}.Release|Any CPU.ActiveCfg = Release|Any CPU
		{EE7C6B70-ADF0-44FC-8E01-9EEB0A1B46E3}.Release|Any CPU.Build.0 = Release|Any CPU
		{88FDF7A3-48CF-48F0-865A-815D2D21E9AB}.Debug|Any CPU.ActiveCfg = Debug|Any CPU
		{88FDF7A3-48CF-48F0-865A-815D2D21E9AB}.Debug|Any CPU.Build.0 = Debug|Any CPU
		{88FDF7A3-48CF-48F0-865A-815D2D21E9AB}.Release|Any CPU.ActiveCfg = Release|Any CPU
		{88FDF7A3-48CF-48F0-865A-815D2D21E9AB}.Release|Any CPU.Build.0 = Release|Any CPU
		{064AD64F-1D17-4554-8928-26E2DC43DF9D}.Debug|Any CPU.ActiveCfg = Debug|Any CPU
		{064AD64F-1D17-4554-8928-26E2DC43DF9D}.Debug|Any CPU.Build.0 = Debug|Any CPU
		{064AD64F-1D17-4554-8928-26E2DC43DF9D}.Release|Any CPU.ActiveCfg = Release|Any CPU
		{064AD64F-1D17-4554-8928-26E2DC43DF9D}.Release|Any CPU.Build.0 = Release|Any CPU
		{C8583C44-E6DB-49EB-99E5-87B31AF4B97F}.Debug|Any CPU.ActiveCfg = Debug|Any CPU
		{C8583C44-E6DB-49EB-99E5-87B31AF4B97F}.Debug|Any CPU.Build.0 = Debug|Any CPU
		{C8583C44-E6DB-49EB-99E5-87B31AF4B97F}.Release|Any CPU.ActiveCfg = Release|Any CPU
		{C8583C44-E6DB-49EB-99E5-87B31AF4B97F}.Release|Any CPU.Build.0 = Release|Any CPU
		{35C5F32F-68D2-466C-B124-ABFCCCD1DD4E}.Debug|Any CPU.ActiveCfg = Debug|Any CPU
		{35C5F32F-68D2-466C-B124-ABFCCCD1DD4E}.Debug|Any CPU.Build.0 = Debug|Any CPU
		{35C5F32F-68D2-466C-B124-ABFCCCD1DD4E}.Release|Any CPU.ActiveCfg = Release|Any CPU
		{35C5F32F-68D2-466C-B124-ABFCCCD1DD4E}.Release|Any CPU.Build.0 = Release|Any CPU
		{5051C6D2-76FD-4CA1-B34D-E12D06DDA29D}.Debug|Any CPU.ActiveCfg = Debug|Any CPU
		{5051C6D2-76FD-4CA1-B34D-E12D06DDA29D}.Debug|Any CPU.Build.0 = Debug|Any CPU
		{5051C6D2-76FD-4CA1-B34D-E12D06DDA29D}.Release|Any CPU.ActiveCfg = Release|Any CPU
		{5051C6D2-76FD-4CA1-B34D-E12D06DDA29D}.Release|Any CPU.Build.0 = Release|Any CPU
	EndGlobalSection
	GlobalSection(SolutionProperties) = preSolution
		HideSolutionNode = FALSE
	EndGlobalSection
	GlobalSection(NestedProjects) = preSolution
		{AF261949-55F0-4623-97F4-8F06CA0B904C} = {BE3E844F-4C0A-4A87-8C1F-C7AF3DA72CC9}
		{94BBDE25-9029-4E87-B060-1BD0E3149623} = {AF261949-55F0-4623-97F4-8F06CA0B904C}
		{63BA883B-A47B-481D-A145-BE03BE7A0C5E} = {94BBDE25-9029-4E87-B060-1BD0E3149623}
		{4E9C4F08-872A-42DC-B5B3-E54193EFEFC6} = {AF261949-55F0-4623-97F4-8F06CA0B904C}
		{14AAA27B-2EE7-4F83-A66B-944B7F39D75B} = {4E9C4F08-872A-42DC-B5B3-E54193EFEFC6}
		{BC9062E0-2D7F-4933-8518-AFA35DDF4C6E} = {BE3E844F-4C0A-4A87-8C1F-C7AF3DA72CC9}
		{213E47FD-C4F0-458B-8B7C-9A924AFEF1A7} = {14E1515A-BFC7-4B81-8A47-6EFD756529EF}
		{14E1515A-BFC7-4B81-8A47-6EFD756529EF} = {BC9062E0-2D7F-4933-8518-AFA35DDF4C6E}
		{676EFBD5-EAEB-493A-880B-66B49B9237A8} = {BC9062E0-2D7F-4933-8518-AFA35DDF4C6E}
		{ECDE9696-A3F6-400B-AD76-10B0A192F42E} = {676EFBD5-EAEB-493A-880B-66B49B9237A8}
		{7453120A-BCE2-4E7F-8E9B-3933C33AF84C} = {BE3E844F-4C0A-4A87-8C1F-C7AF3DA72CC9}
		{20373F40-4AB0-4F59-85CC-3F51CC2C54F4} = {AC07B073-D2DF-4D95-8916-51F46D59FAE8}
		{D7E41218-6CB8-428B-AF90-8111870A594F} = {AC07B073-D2DF-4D95-8916-51F46D59FAE8}
		{6831EAF9-3EA9-4061-ADB4-10F3EB216C56} = {AC07B073-D2DF-4D95-8916-51F46D59FAE8}
		{C5FF289A-1AFB-4D10-A75F-0FB970FBFB7E} = {AC07B073-D2DF-4D95-8916-51F46D59FAE8}
		{24B555E1-6501-4C0E-B407-24D8762C9AF5} = {AC07B073-D2DF-4D95-8916-51F46D59FAE8}
		{AC07B073-D2DF-4D95-8916-51F46D59FAE8} = {7453120A-BCE2-4E7F-8E9B-3933C33AF84C}
		{FD4225DB-A2CF-435C-A72E-DCEE99EF12F1} = {7453120A-BCE2-4E7F-8E9B-3933C33AF84C}
		{33902330-82C6-4874-AFEC-16575D009DA4} = {7453120A-BCE2-4E7F-8E9B-3933C33AF84C}
		{92893A42-06CB-4F69-8F30-83C1BE4FF2F1} = {7453120A-BCE2-4E7F-8E9B-3933C33AF84C}
		{2FE3024F-3F98-4062-BC34-E2590310C789} = {FD4225DB-A2CF-435C-A72E-DCEE99EF12F1}
		{AA63514F-8CCD-42AD-AF73-346B108CD253} = {FD4225DB-A2CF-435C-A72E-DCEE99EF12F1}
		{1050783E-78C3-490D-AEC3-6131033B1420} = {FD4225DB-A2CF-435C-A72E-DCEE99EF12F1}
		{4AA6B2D6-B5BE-4C89-8199-945040138AF3} = {FD4225DB-A2CF-435C-A72E-DCEE99EF12F1}
		{CF7A109E-22D8-41D8-83F3-DE436DA7CC8E} = {FD4225DB-A2CF-435C-A72E-DCEE99EF12F1}
		{3383F481-92D8-49C3-8547-E31FD62240AA} = {FD4225DB-A2CF-435C-A72E-DCEE99EF12F1}
		{DC38C0B2-31F4-4341-911F-4C473327B790} = {33902330-82C6-4874-AFEC-16575D009DA4}
		{AA3C7963-E5EC-45BD-96A0-0CE073CA2335} = {33902330-82C6-4874-AFEC-16575D009DA4}
		{5028547A-3692-467B-A3E5-336A89D601F9} = {33902330-82C6-4874-AFEC-16575D009DA4}
		{862770BA-55F9-4330-AF52-60ECA1622CA9} = {33902330-82C6-4874-AFEC-16575D009DA4}
		{4D50283A-1CB2-439E-9E2B-D957E0DFD98D} = {33902330-82C6-4874-AFEC-16575D009DA4}
		{F60C698C-FD04-4C31-81FF-A4956F2FB522} = {33902330-82C6-4874-AFEC-16575D009DA4}
		{5D459C69-6C1B-4A7A-83FF-C23978787D02} = {33902330-82C6-4874-AFEC-16575D009DA4}
		{3A46B18F-98EF-4CAB-A58A-C4E6C9EE71D8} = {BE3E844F-4C0A-4A87-8C1F-C7AF3DA72CC9}
		{3ACFB770-3A75-420E-888B-A9B9C4DCE017} = {92893A42-06CB-4F69-8F30-83C1BE4FF2F1}
		{EA97F331-DB90-4CF1-A217-A40416A570D5} = {92893A42-06CB-4F69-8F30-83C1BE4FF2F1}
		{7DE02B58-979E-4E6B-9EEC-1DD7942EC8AB} = {92893A42-06CB-4F69-8F30-83C1BE4FF2F1}
		{5DB0A88D-AC1C-441B-BA34-BE3BC2787211} = {92893A42-06CB-4F69-8F30-83C1BE4FF2F1}
		{B795A76D-620D-4757-A477-2C11FD5F99F0} = {92893A42-06CB-4F69-8F30-83C1BE4FF2F1}
		{A810813C-20EC-4859-BECD-40ED23480C1E} = {92893A42-06CB-4F69-8F30-83C1BE4FF2F1}
		{7780961D-8A49-4D45-A5EC-0106923F30CE} = {92893A42-06CB-4F69-8F30-83C1BE4FF2F1}
		{0C93C1E5-F2FF-4C1A-9949-CB8A50A3C88E} = {3A46B18F-98EF-4CAB-A58A-C4E6C9EE71D8}
		{4140CBF9-7687-4E3A-83FE-1F071C59909A} = {3A46B18F-98EF-4CAB-A58A-C4E6C9EE71D8}
		{A2A933FD-17BC-40F1-936B-CA44BBF5DD8C} = {3A46B18F-98EF-4CAB-A58A-C4E6C9EE71D8}
		{EE7C6B70-ADF0-44FC-8E01-9EEB0A1B46E3} = {3A46B18F-98EF-4CAB-A58A-C4E6C9EE71D8}
		{88FDF7A3-48CF-48F0-865A-815D2D21E9AB} = {3A46B18F-98EF-4CAB-A58A-C4E6C9EE71D8}
		{064AD64F-1D17-4554-8928-26E2DC43DF9D} = {3A46B18F-98EF-4CAB-A58A-C4E6C9EE71D8}
		{C8583C44-E6DB-49EB-99E5-87B31AF4B97F} = {3A46B18F-98EF-4CAB-A58A-C4E6C9EE71D8}
		{35C5F32F-68D2-466C-B124-ABFCCCD1DD4E} = {3A46B18F-98EF-4CAB-A58A-C4E6C9EE71D8}
		{5051C6D2-76FD-4CA1-B34D-E12D06DDA29D} = {3A46B18F-98EF-4CAB-A58A-C4E6C9EE71D8}
	EndGlobalSection
	GlobalSection(ExtensibilityGlobals) = postSolution
		SolutionGuid = {72C4A4DD-8212-46EE-93FF-A6FE33C15678}
	EndGlobalSection
EndGlobal
